// !$*UTF8*$!
{
	archiveVersion = 1;
	classes = {
	};
	objectVersion = 52;
	objects = {

/* Begin PBXBuildFile section */
		294D684A24E874690041FFD1 /* AppDelegate.swift in Sources */ = {isa = PBXBuildFile; fileRef = 294D684924E874690041FFD1 /* AppDelegate.swift */; };
		294D684C24E874690041FFD1 /* SceneDelegate.swift in Sources */ = {isa = PBXBuildFile; fileRef = 294D684B24E874690041FFD1 /* SceneDelegate.swift */; };
		294D684E24E874690041FFD1 /* ContentView.swift in Sources */ = {isa = PBXBuildFile; fileRef = 294D684D24E874690041FFD1 /* ContentView.swift */; };
		294D685024E8746B0041FFD1 /* Assets.xcassets in Resources */ = {isa = PBXBuildFile; fileRef = 294D684F24E8746B0041FFD1 /* Assets.xcassets */; };
		294D685324E8746B0041FFD1 /* Preview Assets.xcassets in Resources */ = {isa = PBXBuildFile; fileRef = 294D685224E8746B0041FFD1 /* Preview Assets.xcassets */; };
		294D685624E8746B0041FFD1 /* LaunchScreen.storyboard in Resources */ = {isa = PBXBuildFile; fileRef = 294D685424E8746B0041FFD1 /* LaunchScreen.storyboard */; };
		294D685E24E874AB0041FFD1 /* DonateItemView.swift in Sources */ = {isa = PBXBuildFile; fileRef = 294D685D24E874AB0041FFD1 /* DonateItemView.swift */; };
		294D686024E878150041FFD1 /* DonationListView.swift in Sources */ = {isa = PBXBuildFile; fileRef = 294D685F24E878150041FFD1 /* DonationListView.swift */; };
		294D686324E879280041FFD1 /* Later in Frameworks */ = {isa = PBXBuildFile; productRef = 294D686224E879280041FFD1 /* Later */; };
/* End PBXBuildFile section */

/* Begin PBXFileReference section */
		294D684624E874690041FFD1 /* DonateMe.app */ = {isa = PBXFileReference; explicitFileType = wrapper.application; includeInIndex = 0; path = DonateMe.app; sourceTree = BUILT_PRODUCTS_DIR; };
		294D684924E874690041FFD1 /* AppDelegate.swift */ = {isa = PBXFileReference; lastKnownFileType = sourcecode.swift; path = AppDelegate.swift; sourceTree = "<group>"; };
		294D684B24E874690041FFD1 /* SceneDelegate.swift */ = {isa = PBXFileReference; lastKnownFileType = sourcecode.swift; path = SceneDelegate.swift; sourceTree = "<group>"; };
		294D684D24E874690041FFD1 /* ContentView.swift */ = {isa = PBXFileReference; lastKnownFileType = sourcecode.swift; path = ContentView.swift; sourceTree = "<group>"; };
		294D684F24E8746B0041FFD1 /* Assets.xcassets */ = {isa = PBXFileReference; lastKnownFileType = folder.assetcatalog; path = Assets.xcassets; sourceTree = "<group>"; };
		294D685224E8746B0041FFD1 /* Preview Assets.xcassets */ = {isa = PBXFileReference; lastKnownFileType = folder.assetcatalog; path = "Preview Assets.xcassets"; sourceTree = "<group>"; };
		294D685524E8746B0041FFD1 /* Base */ = {isa = PBXFileReference; lastKnownFileType = file.storyboard; name = Base; path = Base.lproj/LaunchScreen.storyboard; sourceTree = "<group>"; };
		294D685724E8746B0041FFD1 /* Info.plist */ = {isa = PBXFileReference; lastKnownFileType = text.plist.xml; path = Info.plist; sourceTree = "<group>"; };
		294D685D24E874AB0041FFD1 /* DonateItemView.swift */ = {isa = PBXFileReference; lastKnownFileType = sourcecode.swift; path = DonateItemView.swift; sourceTree = "<group>"; };
		294D685F24E878150041FFD1 /* DonationListView.swift */ = {isa = PBXFileReference; lastKnownFileType = sourcecode.swift; path = DonationListView.swift; sourceTree = "<group>"; };
/* End PBXFileReference section */

/* Begin PBXFrameworksBuildPhase section */
		294D684324E874690041FFD1 /* Frameworks */ = {
			isa = PBXFrameworksBuildPhase;
			buildActionMask = 2147483647;
			files = (
				294D686324E879280041FFD1 /* Later in Frameworks */,
			);
			runOnlyForDeploymentPostprocessing = 0;
		};
/* End PBXFrameworksBuildPhase section */

/* Begin PBXGroup section */
		294D683D24E874690041FFD1 = {
			isa = PBXGroup;
			children = (
				294D684824E874690041FFD1 /* DonateMe */,
				294D684724E874690041FFD1 /* Products */,
			);
			sourceTree = "<group>";
		};
		294D684724E874690041FFD1 /* Products */ = {
			isa = PBXGroup;
			children = (
				294D684624E874690041FFD1 /* DonateMe.app */,
			);
			name = Products;
			sourceTree = "<group>";
		};
		294D684824E874690041FFD1 /* DonateMe */ = {
			isa = PBXGroup;
			children = (
				294D684924E874690041FFD1 /* AppDelegate.swift */,
				294D684B24E874690041FFD1 /* SceneDelegate.swift */,
				294D684D24E874690041FFD1 /* ContentView.swift */,
				294D685F24E878150041FFD1 /* DonationListView.swift */,
				294D685D24E874AB0041FFD1 /* DonateItemView.swift */,
				294D684F24E8746B0041FFD1 /* Assets.xcassets */,
				294D685424E8746B0041FFD1 /* LaunchScreen.storyboard */,
				294D685724E8746B0041FFD1 /* Info.plist */,
				294D685124E8746B0041FFD1 /* Preview Content */,
			);
			path = DonateMe;
			sourceTree = "<group>";
		};
		294D685124E8746B0041FFD1 /* Preview Content */ = {
			isa = PBXGroup;
			children = (
				294D685224E8746B0041FFD1 /* Preview Assets.xcassets */,
			);
			path = "Preview Content";
			sourceTree = "<group>";
		};
/* End PBXGroup section */

/* Begin PBXNativeTarget section */
		294D684524E874690041FFD1 /* DonateMe */ = {
			isa = PBXNativeTarget;
			buildConfigurationList = 294D685A24E8746B0041FFD1 /* Build configuration list for PBXNativeTarget "DonateMe" */;
			buildPhases = (
				294D684224E874690041FFD1 /* Sources */,
				294D684324E874690041FFD1 /* Frameworks */,
				294D684424E874690041FFD1 /* Resources */,
			);
			buildRules = (
			);
			dependencies = (
			);
			name = DonateMe;
			packageProductDependencies = (
				294D686224E879280041FFD1 /* Later */,
			);
			productName = DonateMe;
			productReference = 294D684624E874690041FFD1 /* DonateMe.app */;
			productType = "com.apple.product-type.application";
		};
/* End PBXNativeTarget section */

/* Begin PBXProject section */
		294D683E24E874690041FFD1 /* Project object */ = {
			isa = PBXProject;
			attributes = {
				LastSwiftUpdateCheck = 1160;
				LastUpgradeCheck = 1160;
				ORGANIZATIONNAME = oneleif;
				TargetAttributes = {
					294D684524E874690041FFD1 = {
						CreatedOnToolsVersion = 11.6;
					};
				};
			};
			buildConfigurationList = 294D684124E874690041FFD1 /* Build configuration list for PBXProject "DonateMe" */;
			compatibilityVersion = "Xcode 9.3";
			developmentRegion = en;
			hasScannedForEncodings = 0;
			knownRegions = (
				en,
				Base,
			);
			mainGroup = 294D683D24E874690041FFD1;
			packageReferences = (
				294D686124E879280041FFD1 /* XCRemoteSwiftPackageReference "Later" */,
			);
			productRefGroup = 294D684724E874690041FFD1 /* Products */;
			projectDirPath = "";
			projectRoot = "";
			targets = (
				294D684524E874690041FFD1 /* DonateMe */,
			);
		};
/* End PBXProject section */

/* Begin PBXResourcesBuildPhase section */
		294D684424E874690041FFD1 /* Resources */ = {
			isa = PBXResourcesBuildPhase;
			buildActionMask = 2147483647;
			files = (
				294D685624E8746B0041FFD1 /* LaunchScreen.storyboard in Resources */,
				294D685324E8746B0041FFD1 /* Preview Assets.xcassets in Resources */,
				294D685024E8746B0041FFD1 /* Assets.xcassets in Resources */,
			);
			runOnlyForDeploymentPostprocessing = 0;
		};
/* End PBXResourcesBuildPhase section */

/* Begin PBXSourcesBuildPhase section */
		294D684224E874690041FFD1 /* Sources */ = {
			isa = PBXSourcesBuildPhase;
			buildActionMask = 2147483647;
			files = (
				294D686024E878150041FFD1 /* DonationListView.swift in Sources */,
				294D685E24E874AB0041FFD1 /* DonateItemView.swift in Sources */,
				294D684A24E874690041FFD1 /* AppDelegate.swift in Sources */,
				294D684C24E874690041FFD1 /* SceneDelegate.swift in Sources */,
				294D684E24E874690041FFD1 /* ContentView.swift in Sources */,
			);
			runOnlyForDeploymentPostprocessing = 0;
		};
/* End PBXSourcesBuildPhase section */

/* Begin PBXVariantGroup section */
		294D685424E8746B0041FFD1 /* LaunchScreen.storyboard */ = {
			isa = PBXVariantGroup;
			children = (
				294D685524E8746B0041FFD1 /* Base */,
			);
			name = LaunchScreen.storyboard;
			sourceTree = "<group>";
		};
/* End PBXVariantGroup section */

/* Begin XCBuildConfiguration section */
		294D685824E8746B0041FFD1 /* Debug */ = {
			isa = XCBuildConfiguration;
			buildSettings = {
				ALWAYS_SEARCH_USER_PATHS = NO;
				CLANG_ANALYZER_NONNULL = YES;
				CLANG_ANALYZER_NUMBER_OBJECT_CONVERSION = YES_AGGRESSIVE;
				CLANG_CXX_LANGUAGE_STANDARD = "gnu++14";
				CLANG_CXX_LIBRARY = "libc++";
				CLANG_ENABLE_MODULES = YES;
				CLANG_ENABLE_OBJC_ARC = YES;
				CLANG_ENABLE_OBJC_WEAK = YES;
				CLANG_WARN_BLOCK_CAPTURE_AUTORELEASING = YES;
				CLANG_WARN_BOOL_CONVERSION = YES;
				CLANG_WARN_COMMA = YES;
				CLANG_WARN_CONSTANT_CONVERSION = YES;
				CLANG_WARN_DEPRECATED_OBJC_IMPLEMENTATIONS = YES;
				CLANG_WARN_DIRECT_OBJC_ISA_USAGE = YES_ERROR;
				CLANG_WARN_DOCUMENTATION_COMMENTS = YES;
				CLANG_WARN_EMPTY_BODY = YES;
				CLANG_WARN_ENUM_CONVERSION = YES;
				CLANG_WARN_INFINITE_RECURSION = YES;
				CLANG_WARN_INT_CONVERSION = YES;
				CLANG_WARN_NON_LITERAL_NULL_CONVERSION = YES;
				CLANG_WARN_OBJC_IMPLICIT_RETAIN_SELF = YES;
				CLANG_WARN_OBJC_LITERAL_CONVERSION = YES;
				CLANG_WARN_OBJC_ROOT_CLASS = YES_ERROR;
				CLANG_WARN_RANGE_LOOP_ANALYSIS = YES;
				CLANG_WARN_STRICT_PROTOTYPES = YES;
				CLANG_WARN_SUSPICIOUS_MOVE = YES;
				CLANG_WARN_UNGUARDED_AVAILABILITY = YES_AGGRESSIVE;
				CLANG_WARN_UNREACHABLE_CODE = YES;
				CLANG_WARN__DUPLICATE_METHOD_MATCH = YES;
				COPY_PHASE_STRIP = NO;
				DEBUG_INFORMATION_FORMAT = dwarf;
				ENABLE_STRICT_OBJC_MSGSEND = YES;
				ENABLE_TESTABILITY = YES;
				GCC_C_LANGUAGE_STANDARD = gnu11;
				GCC_DYNAMIC_NO_PIC = NO;
				GCC_NO_COMMON_BLOCKS = YES;
				GCC_OPTIMIZATION_LEVEL = 0;
				GCC_PREPROCESSOR_DEFINITIONS = (
					"DEBUG=1",
					"$(inherited)",
				);
				GCC_WARN_64_TO_32_BIT_CONVERSION = YES;
				GCC_WARN_ABOUT_RETURN_TYPE = YES_ERROR;
				GCC_WARN_UNDECLARED_SELECTOR = YES;
				GCC_WARN_UNINITIALIZED_AUTOS = YES_AGGRESSIVE;
				GCC_WARN_UNUSED_FUNCTION = YES;
				GCC_WARN_UNUSED_VARIABLE = YES;
				IPHONEOS_DEPLOYMENT_TARGET = 13.6;
				MTL_ENABLE_DEBUG_INFO = INCLUDE_SOURCE;
				MTL_FAST_MATH = YES;
				ONLY_ACTIVE_ARCH = YES;
				SDKROOT = iphoneos;
				SWIFT_ACTIVE_COMPILATION_CONDITIONS = DEBUG;
				SWIFT_OPTIMIZATION_LEVEL = "-Onone";
			};
			name = Debug;
		};
		294D685924E8746B0041FFD1 /* Release */ = {
			isa = XCBuildConfiguration;
			buildSettings = {
				ALWAYS_SEARCH_USER_PATHS = NO;
				CLANG_ANALYZER_NONNULL = YES;
				CLANG_ANALYZER_NUMBER_OBJECT_CONVERSION = YES_AGGRESSIVE;
				CLANG_CXX_LANGUAGE_STANDARD = "gnu++14";
				CLANG_CXX_LIBRARY = "libc++";
				CLANG_ENABLE_MODULES = YES;
				CLANG_ENABLE_OBJC_ARC = YES;
				CLANG_ENABLE_OBJC_WEAK = YES;
				CLANG_WARN_BLOCK_CAPTURE_AUTORELEASING = YES;
				CLANG_WARN_BOOL_CONVERSION = YES;
				CLANG_WARN_COMMA = YES;
				CLANG_WARN_CONSTANT_CONVERSION = YES;
				CLANG_WARN_DEPRECATED_OBJC_IMPLEMENTATIONS = YES;
				CLANG_WARN_DIRECT_OBJC_ISA_USAGE = YES_ERROR;
				CLANG_WARN_DOCUMENTATION_COMMENTS = YES;
				CLANG_WARN_EMPTY_BODY = YES;
				CLANG_WARN_ENUM_CONVERSION = YES;
				CLANG_WARN_INFINITE_RECURSION = YES;
				CLANG_WARN_INT_CONVERSION = YES;
				CLANG_WARN_NON_LITERAL_NULL_CONVERSION = YES;
				CLANG_WARN_OBJC_IMPLICIT_RETAIN_SELF = YES;
				CLANG_WARN_OBJC_LITERAL_CONVERSION = YES;
				CLANG_WARN_OBJC_ROOT_CLASS = YES_ERROR;
				CLANG_WARN_RANGE_LOOP_ANALYSIS = YES;
				CLANG_WARN_STRICT_PROTOTYPES = YES;
				CLANG_WARN_SUSPICIOUS_MOVE = YES;
				CLANG_WARN_UNGUARDED_AVAILABILITY = YES_AGGRESSIVE;
				CLANG_WARN_UNREACHABLE_CODE = YES;
				CLANG_WARN__DUPLICATE_METHOD_MATCH = YES;
				COPY_PHASE_STRIP = NO;
				DEBUG_INFORMATION_FORMAT = "dwarf-with-dsym";
				ENABLE_NS_ASSERTIONS = NO;
				ENABLE_STRICT_OBJC_MSGSEND = YES;
				GCC_C_LANGUAGE_STANDARD = gnu11;
				GCC_NO_COMMON_BLOCKS = YES;
				GCC_WARN_64_TO_32_BIT_CONVERSION = YES;
				GCC_WARN_ABOUT_RETURN_TYPE = YES_ERROR;
				GCC_WARN_UNDECLARED_SELECTOR = YES;
				GCC_WARN_UNINITIALIZED_AUTOS = YES_AGGRESSIVE;
				GCC_WARN_UNUSED_FUNCTION = YES;
				GCC_WARN_UNUSED_VARIABLE = YES;
				IPHONEOS_DEPLOYMENT_TARGET = 13.6;
				MTL_ENABLE_DEBUG_INFO = NO;
				MTL_FAST_MATH = YES;
				SDKROOT = iphoneos;
				SWIFT_COMPILATION_MODE = wholemodule;
				SWIFT_OPTIMIZATION_LEVEL = "-O";
				VALIDATE_PRODUCT = YES;
			};
			name = Release;
		};
		294D685B24E8746B0041FFD1 /* Debug */ = {
			isa = XCBuildConfiguration;
			buildSettings = {
				ASSETCATALOG_COMPILER_APPICON_NAME = AppIcon;
				CODE_SIGN_STYLE = Automatic;
				DEVELOPMENT_ASSET_PATHS = "\"DonateMe/Preview Content\"";
				DEVELOPMENT_TEAM = 8M8SAX62V2;
				ENABLE_PREVIEWS = YES;
				INFOPLIST_FILE = DonateMe/Info.plist;
				LD_RUNPATH_SEARCH_PATHS = (
					"$(inherited)",
					"@executable_path/Frameworks",
				);
				PRODUCT_BUNDLE_IDENTIFIER = ol.DonateMe;
				PRODUCT_NAME = "$(TARGET_NAME)";
				SWIFT_VERSION = 5.0;
				TARGETED_DEVICE_FAMILY = "1,2";
			};
			name = Debug;
		};
		294D685C24E8746B0041FFD1 /* Release */ = {
			isa = XCBuildConfiguration;
			buildSettings = {
				ASSETCATALOG_COMPILER_APPICON_NAME = AppIcon;
				CODE_SIGN_STYLE = Automatic;
				DEVELOPMENT_ASSET_PATHS = "\"DonateMe/Preview Content\"";
				DEVELOPMENT_TEAM = 8M8SAX62V2;
				ENABLE_PREVIEWS = YES;
				INFOPLIST_FILE = DonateMe/Info.plist;
				LD_RUNPATH_SEARCH_PATHS = (
					"$(inherited)",
					"@executable_path/Frameworks",
				);
				PRODUCT_BUNDLE_IDENTIFIER = ol.DonateMe;
				PRODUCT_NAME = "$(TARGET_NAME)";
				SWIFT_VERSION = 5.0;
				TARGETED_DEVICE_FAMILY = "1,2";
			};
			name = Release;
		};
/* End XCBuildConfiguration section */

/* Begin XCConfigurationList section */
		294D684124E874690041FFD1 /* Build configuration list for PBXProject "DonateMe" */ = {
			isa = XCConfigurationList;
			buildConfigurations = (
				294D685824E8746B0041FFD1 /* Debug */,
				294D685924E8746B0041FFD1 /* Release */,
			);
			defaultConfigurationIsVisible = 0;
			defaultConfigurationName = Release;
		};
		294D685A24E8746B0041FFD1 /* Build configuration list for PBXNativeTarget "DonateMe" */ = {
			isa = XCConfigurationList;
			buildConfigurations = (
				294D685B24E8746B0041FFD1 /* Debug */,
				294D685C24E8746B0041FFD1 /* Release */,
			);
			defaultConfigurationIsVisible = 0;
			defaultConfigurationName = Release;
		};
/* End XCConfigurationList section */

/* Begin XCRemoteSwiftPackageReference section */
		294D686124E879280041FFD1 /* XCRemoteSwiftPackageReference "Later" */ = {
			isa = XCRemoteSwiftPackageReference;
			repositoryURL = "https://github.com/0xLeif/Later";
			requirement = {
				kind = upToNextMajorVersion;
				minimumVersion = 0.2.0;
			};
		};
/* End XCRemoteSwiftPackageReference section */

/* Begin XCSwiftPackageProductDependency section */
		294D686224E879280041FFD1 /* Later */ = {
			isa = XCSwiftPackageProductDependency;
			package = 294D686124E879280041FFD1 /* XCRemoteSwiftPackageReference "Later" */;
			productName = Later;
		};
/* End XCSwiftPackageProductDependency section */
	};
	rootObject = 294D683E24E874690041FFD1 /* Project object */;
}
